lockfileVersion: '9.0'

settings:
  autoInstallPeers: true
  excludeLinksFromLockfile: false

importers:

  .:
    devDependencies:
      '@total-typescript/ts-reset':
        specifier: ^0.6.1
        version: 0.6.1
      '@types/node':
        specifier: ^22.15.24
        version: 22.15.24
      prettier:
        specifier: ^3.5.3
        version: 3.5.3
      prettier-plugin-packagejson:
        specifier: ^2.5.14
        version: 2.5.14(prettier@3.5.3)
      rimraf:
        specifier: ^6.0.1
        version: 6.0.1
      typescript:
        specifier: ^5.8.3
        version: 5.8.3
      vite:
        specifier: ^6.3.5
        version: 6.3.5(@types/node@22.15.24)
      vite-tsconfig-paths:
        specifier: ^5.1.4
        version: 5.1.4(typescript@5.8.3)(vite@6.3.5(@types/node@22.15.24))

packages:

  '@esbuild/aix-ppc64@0.25.5':
    resolution: {integrity: sha512-9o3TMmpmftaCMepOdA5k/yDw8SfInyzWWTjYTFCX3kPSDJMROQTb8jg+h9Cnwnmm1vOzvxN7gIfB5V2ewpjtGA==}
    engines: {node: '>=18'}
    cpu: [ppc64]
    os: [aix]

  '@esbuild/android-arm64@0.25.5':
    resolution: {integrity: sha512-VGzGhj4lJO+TVGV1v8ntCZWJktV7SGCs3Pn1GRWI1SBFtRALoomm8k5E9Pmwg3HOAal2VDc2F9+PM/rEY6oIDg==}
    engines: {node: '>=18'}
    cpu: [arm64]
    os: [android]

  '@esbuild/android-arm@0.25.5':
    resolution: {integrity: sha512-AdJKSPeEHgi7/ZhuIPtcQKr5RQdo6OO2IL87JkianiMYMPbCtot9fxPbrMiBADOWWm3T2si9stAiVsGbTQFkbA==}
    engines: {node: '>=18'}
    cpu: [arm]
    os: [android]

  '@esbuild/android-x64@0.25.5':
    resolution: {integrity: sha512-D2GyJT1kjvO//drbRT3Hib9XPwQeWd9vZoBJn+bu/lVsOZ13cqNdDeqIF/xQ5/VmWvMduP6AmXvylO/PIc2isw==}
    engines: {node: '>=18'}
    cpu: [x64]
    os: [android]

  '@esbuild/darwin-arm64@0.25.5':
    resolution: {integrity: sha512-GtaBgammVvdF7aPIgH2jxMDdivezgFu6iKpmT+48+F8Hhg5J/sfnDieg0aeG/jfSvkYQU2/pceFPDKlqZzwnfQ==}
    engines: {node: '>=18'}
    cpu: [arm64]
    os: [darwin]

  '@esbuild/darwin-x64@0.25.5':
    resolution: {integrity: sha512-1iT4FVL0dJ76/q1wd7XDsXrSW+oLoquptvh4CLR4kITDtqi2e/xwXwdCVH8hVHU43wgJdsq7Gxuzcs6Iq/7bxQ==}
    engines: {node: '>=18'}
    cpu: [x64]
    os: [darwin]

  '@esbuild/freebsd-arm64@0.25.5':
    resolution: {integrity: sha512-nk4tGP3JThz4La38Uy/gzyXtpkPW8zSAmoUhK9xKKXdBCzKODMc2adkB2+8om9BDYugz+uGV7sLmpTYzvmz6Sw==}
    engines: {node: '>=18'}
    cpu: [arm64]
    os: [freebsd]

  '@esbuild/freebsd-x64@0.25.5':
    resolution: {integrity: sha512-PrikaNjiXdR2laW6OIjlbeuCPrPaAl0IwPIaRv+SMV8CiM8i2LqVUHFC1+8eORgWyY7yhQY+2U2fA55mBzReaw==}
    engines: {node: '>=18'}
    cpu: [x64]
    os: [freebsd]

  '@esbuild/linux-arm64@0.25.5':
    resolution: {integrity: sha512-Z9kfb1v6ZlGbWj8EJk9T6czVEjjq2ntSYLY2cw6pAZl4oKtfgQuS4HOq41M/BcoLPzrUbNd+R4BXFyH//nHxVg==}
    engines: {node: '>=18'}
    cpu: [arm64]
    os: [linux]

  '@esbuild/linux-arm@0.25.5':
    resolution: {integrity: sha512-cPzojwW2okgh7ZlRpcBEtsX7WBuqbLrNXqLU89GxWbNt6uIg78ET82qifUy3W6OVww6ZWobWub5oqZOVtwolfw==}
    engines: {node: '>=18'}
    cpu: [arm]
    os: [linux]

  '@esbuild/linux-ia32@0.25.5':
    resolution: {integrity: sha512-sQ7l00M8bSv36GLV95BVAdhJ2QsIbCuCjh/uYrWiMQSUuV+LpXwIqhgJDcvMTj+VsQmqAHL2yYaasENvJ7CDKA==}
    engines: {node: '>=18'}
    cpu: [ia32]
    os: [linux]

  '@esbuild/linux-loong64@0.25.5':
    resolution: {integrity: sha512-0ur7ae16hDUC4OL5iEnDb0tZHDxYmuQyhKhsPBV8f99f6Z9KQM02g33f93rNH5A30agMS46u2HP6qTdEt6Q1kg==}
    engines: {node: '>=18'}
    cpu: [loong64]
    os: [linux]

  '@esbuild/linux-mips64el@0.25.5':
    resolution: {integrity: sha512-kB/66P1OsHO5zLz0i6X0RxlQ+3cu0mkxS3TKFvkb5lin6uwZ/ttOkP3Z8lfR9mJOBk14ZwZ9182SIIWFGNmqmg==}
    engines: {node: '>=18'}
    cpu: [mips64el]
    os: [linux]

  '@esbuild/linux-ppc64@0.25.5':
    resolution: {integrity: sha512-UZCmJ7r9X2fe2D6jBmkLBMQetXPXIsZjQJCjgwpVDz+YMcS6oFR27alkgGv3Oqkv07bxdvw7fyB71/olceJhkQ==}
    engines: {node: '>=18'}
    cpu: [ppc64]
    os: [linux]

  '@esbuild/linux-riscv64@0.25.5':
    resolution: {integrity: sha512-kTxwu4mLyeOlsVIFPfQo+fQJAV9mh24xL+y+Bm6ej067sYANjyEw1dNHmvoqxJUCMnkBdKpvOn0Ahql6+4VyeA==}
    engines: {node: '>=18'}
    cpu: [riscv64]
    os: [linux]

  '@esbuild/linux-s390x@0.25.5':
    resolution: {integrity: sha512-K2dSKTKfmdh78uJ3NcWFiqyRrimfdinS5ErLSn3vluHNeHVnBAFWC8a4X5N+7FgVE1EjXS1QDZbpqZBjfrqMTQ==}
    engines: {node: '>=18'}
    cpu: [s390x]
    os: [linux]

  '@esbuild/linux-x64@0.25.5':
    resolution: {integrity: sha512-uhj8N2obKTE6pSZ+aMUbqq+1nXxNjZIIjCjGLfsWvVpy7gKCOL6rsY1MhRh9zLtUtAI7vpgLMK6DxjO8Qm9lJw==}
    engines: {node: '>=18'}
    cpu: [x64]
    os: [linux]

  '@esbuild/netbsd-arm64@0.25.5':
    resolution: {integrity: sha512-pwHtMP9viAy1oHPvgxtOv+OkduK5ugofNTVDilIzBLpoWAM16r7b/mxBvfpuQDpRQFMfuVr5aLcn4yveGvBZvw==}
    engines: {node: '>=18'}
    cpu: [arm64]
    os: [netbsd]

  '@esbuild/netbsd-x64@0.25.5':
    resolution: {integrity: sha512-WOb5fKrvVTRMfWFNCroYWWklbnXH0Q5rZppjq0vQIdlsQKuw6mdSihwSo4RV/YdQ5UCKKvBy7/0ZZYLBZKIbwQ==}
    engines: {node: '>=18'}
    cpu: [x64]
    os: [netbsd]

  '@esbuild/openbsd-arm64@0.25.5':
    resolution: {integrity: sha512-7A208+uQKgTxHd0G0uqZO8UjK2R0DDb4fDmERtARjSHWxqMTye4Erz4zZafx7Di9Cv+lNHYuncAkiGFySoD+Mw==}
    engines: {node: '>=18'}
    cpu: [arm64]
    os: [openbsd]

  '@esbuild/openbsd-x64@0.25.5':
    resolution: {integrity: sha512-G4hE405ErTWraiZ8UiSoesH8DaCsMm0Cay4fsFWOOUcz8b8rC6uCvnagr+gnioEjWn0wC+o1/TAHt+It+MpIMg==}
    engines: {node: '>=18'}
    cpu: [x64]
    os: [openbsd]

  '@esbuild/sunos-x64@0.25.5':
    resolution: {integrity: sha512-l+azKShMy7FxzY0Rj4RCt5VD/q8mG/e+mDivgspo+yL8zW7qEwctQ6YqKX34DTEleFAvCIUviCFX1SDZRSyMQA==}
    engines: {node: '>=18'}
    cpu: [x64]
    os: [sunos]

  '@esbuild/win32-arm64@0.25.5':
    resolution: {integrity: sha512-O2S7SNZzdcFG7eFKgvwUEZ2VG9D/sn/eIiz8XRZ1Q/DO5a3s76Xv0mdBzVM5j5R639lXQmPmSo0iRpHqUUrsxw==}
    engines: {node: '>=18'}
    cpu: [arm64]
    os: [win32]

  '@esbuild/win32-ia32@0.25.5':
    resolution: {integrity: sha512-onOJ02pqs9h1iMJ1PQphR+VZv8qBMQ77Klcsqv9CNW2w6yLqoURLcgERAIurY6QE63bbLuqgP9ATqajFLK5AMQ==}
    engines: {node: '>=18'}
    cpu: [ia32]
    os: [win32]

  '@esbuild/win32-x64@0.25.5':
    resolution: {integrity: sha512-TXv6YnJ8ZMVdX+SXWVBo/0p8LTcrUYngpWjvm91TMjjBQii7Oz11Lw5lbDV5Y0TzuhSJHwiH4hEtC1I42mMS0g==}
    engines: {node: '>=18'}
    cpu: [x64]
    os: [win32]

  '@isaacs/cliui@8.0.2':
    resolution: {integrity: sha512-O8jcjabXaleOG9DQ0+ARXWZBTfnP4WNAqzuiJK7ll44AmxGKv/J2M4TPjxjY3znBCfvBXFzucm1twdyFybFqEA==}
    engines: {node: '>=12'}

  '@pkgr/core@0.2.4':
    resolution: {integrity: sha512-ROFF39F6ZrnzSUEmQQZUar0Jt4xVoP9WnDRdWwF4NNcXs3xBTLgBUDoOwW141y1jP+S8nahIbdxbFC7IShw9Iw==}
    engines: {node: ^12.20.0 || ^14.18.0 || >=16.0.0}

  '@rollup/rollup-android-arm-eabi@4.41.1':
    resolution: {integrity: sha512-NELNvyEWZ6R9QMkiytB4/L4zSEaBC03KIXEghptLGLZWJ6VPrL63ooZQCOnlx36aQPGhzuOMwDerC1Eb2VmrLw==}
    cpu: [arm]
    os: [android]

  '@rollup/rollup-android-arm64@4.41.1':
    resolution: {integrity: sha512-DXdQe1BJ6TK47ukAoZLehRHhfKnKg9BjnQYUu9gzhI8Mwa1d2fzxA1aw2JixHVl403bwp1+/o/NhhHtxWJBgEA==}
    cpu: [arm64]
    os: [android]

  '@rollup/rollup-darwin-arm64@4.41.1':
    resolution: {integrity: sha512-5afxvwszzdulsU2w8JKWwY8/sJOLPzf0e1bFuvcW5h9zsEg+RQAojdW0ux2zyYAz7R8HvvzKCjLNJhVq965U7w==}
    cpu: [arm64]
    os: [darwin]

  '@rollup/rollup-darwin-x64@4.41.1':
    resolution: {integrity: sha512-egpJACny8QOdHNNMZKf8xY0Is6gIMz+tuqXlusxquWu3F833DcMwmGM7WlvCO9sB3OsPjdC4U0wHw5FabzCGZg==}
    cpu: [x64]
    os: [darwin]

  '@rollup/rollup-freebsd-arm64@4.41.1':
    resolution: {integrity: sha512-DBVMZH5vbjgRk3r0OzgjS38z+atlupJ7xfKIDJdZZL6sM6wjfDNo64aowcLPKIx7LMQi8vybB56uh1Ftck/Atg==}
    cpu: [arm64]
    os: [freebsd]

  '@rollup/rollup-freebsd-x64@4.41.1':
    resolution: {integrity: sha512-3FkydeohozEskBxNWEIbPfOE0aqQgB6ttTkJ159uWOFn42VLyfAiyD9UK5mhu+ItWzft60DycIN1Xdgiy8o/SA==}
    cpu: [x64]
    os: [freebsd]

  '@rollup/rollup-linux-arm-gnueabihf@4.41.1':
    resolution: {integrity: sha512-wC53ZNDgt0pqx5xCAgNunkTzFE8GTgdZ9EwYGVcg+jEjJdZGtq9xPjDnFgfFozQI/Xm1mh+D9YlYtl+ueswNEg==}
    cpu: [arm]
    os: [linux]

  '@rollup/rollup-linux-arm-musleabihf@4.41.1':
    resolution: {integrity: sha512-jwKCca1gbZkZLhLRtsrka5N8sFAaxrGz/7wRJ8Wwvq3jug7toO21vWlViihG85ei7uJTpzbXZRcORotE+xyrLA==}
    cpu: [arm]
    os: [linux]

  '@rollup/rollup-linux-arm64-gnu@4.41.1':
    resolution: {integrity: sha512-g0UBcNknsmmNQ8V2d/zD2P7WWfJKU0F1nu0k5pW4rvdb+BIqMm8ToluW/eeRmxCared5dD76lS04uL4UaNgpNA==}
    cpu: [arm64]
    os: [linux]

  '@rollup/rollup-linux-arm64-musl@4.41.1':
    resolution: {integrity: sha512-XZpeGB5TKEZWzIrj7sXr+BEaSgo/ma/kCgrZgL0oo5qdB1JlTzIYQKel/RmhT6vMAvOdM2teYlAaOGJpJ9lahg==}
    cpu: [arm64]
    os: [linux]

  '@rollup/rollup-linux-loongarch64-gnu@4.41.1':
    resolution: {integrity: sha512-bkCfDJ4qzWfFRCNt5RVV4DOw6KEgFTUZi2r2RuYhGWC8WhCA8lCAJhDeAmrM/fdiAH54m0mA0Vk2FGRPyzI+tw==}
    cpu: [loong64]
    os: [linux]

  '@rollup/rollup-linux-powerpc64le-gnu@4.41.1':
    resolution: {integrity: sha512-3mr3Xm+gvMX+/8EKogIZSIEF0WUu0HL9di+YWlJpO8CQBnoLAEL/roTCxuLncEdgcfJcvA4UMOf+2dnjl4Ut1A==}
    cpu: [ppc64]
    os: [linux]

  '@rollup/rollup-linux-riscv64-gnu@4.41.1':
    resolution: {integrity: sha512-3rwCIh6MQ1LGrvKJitQjZFuQnT2wxfU+ivhNBzmxXTXPllewOF7JR1s2vMX/tWtUYFgphygxjqMl76q4aMotGw==}
    cpu: [riscv64]
    os: [linux]

  '@rollup/rollup-linux-riscv64-musl@4.41.1':
    resolution: {integrity: sha512-LdIUOb3gvfmpkgFZuccNa2uYiqtgZAz3PTzjuM5bH3nvuy9ty6RGc/Q0+HDFrHrizJGVpjnTZ1yS5TNNjFlklw==}
    cpu: [riscv64]
    os: [linux]

  '@rollup/rollup-linux-s390x-gnu@4.41.1':
    resolution: {integrity: sha512-oIE6M8WC9ma6xYqjvPhzZYk6NbobIURvP/lEbh7FWplcMO6gn7MM2yHKA1eC/GvYwzNKK/1LYgqzdkZ8YFxR8g==}
    cpu: [s390x]
    os: [linux]

  '@rollup/rollup-linux-x64-gnu@4.41.1':
    resolution: {integrity: sha512-cWBOvayNvA+SyeQMp79BHPK8ws6sHSsYnK5zDcsC3Hsxr1dgTABKjMnMslPq1DvZIp6uO7kIWhiGwaTdR4Og9A==}
    cpu: [x64]
    os: [linux]

  '@rollup/rollup-linux-x64-musl@4.41.1':
    resolution: {integrity: sha512-y5CbN44M+pUCdGDlZFzGGBSKCA4A/J2ZH4edTYSSxFg7ce1Xt3GtydbVKWLlzL+INfFIZAEg1ZV6hh9+QQf9YQ==}
    cpu: [x64]
    os: [linux]

  '@rollup/rollup-win32-arm64-msvc@4.41.1':
    resolution: {integrity: sha512-lZkCxIrjlJlMt1dLO/FbpZbzt6J/A8p4DnqzSa4PWqPEUUUnzXLeki/iyPLfV0BmHItlYgHUqJe+3KiyydmiNQ==}
    cpu: [arm64]
    os: [win32]

  '@rollup/rollup-win32-ia32-msvc@4.41.1':
    resolution: {integrity: sha512-+psFT9+pIh2iuGsxFYYa/LhS5MFKmuivRsx9iPJWNSGbh2XVEjk90fmpUEjCnILPEPJnikAU6SFDiEUyOv90Pg==}
    cpu: [ia32]
    os: [win32]

  '@rollup/rollup-win32-x64-msvc@4.41.1':
    resolution: {integrity: sha512-Wq2zpapRYLfi4aKxf2Xff0tN+7slj2d4R87WEzqw7ZLsVvO5zwYCIuEGSZYiK41+GlwUo1HiR+GdkLEJnCKTCw==}
    cpu: [x64]
    os: [win32]

  '@total-typescript/ts-reset@0.6.1':
    resolution: {integrity: sha512-cka47fVSo6lfQDIATYqb/vO1nvFfbPw7uWLayIXIhGETj0wcOOlrlkobOMDNQOFr9QOafegUPq13V2+6vtD7yg==}

  '@types/estree@1.0.7':
    resolution: {integrity: sha512-w28IoSUCJpidD/TGviZwwMJckNESJZXFu7NBZ5YJ4mEUnNraUn9Pm8HSZm/jDF1pDWYKspWE7oVphigUPRakIQ==}

  '@types/node@22.15.24':
    resolution: {integrity: sha512-w9CZGm9RDjzTh/D+hFwlBJ3ziUaVw7oufKA3vOFSOZlzmW9AkZnfjPb+DLnrV6qtgL/LNmP0/2zBNCFHL3F0ng==}

  ansi-regex@5.0.1:
    resolution: {integrity: sha512-quJQXlTSUGL2LH9SUXo8VwsY4soanhgo6LNSm84E1LBcE8s3O0wpdiRzyR9z/ZZJMlMWv37qOOb9pdJlMUEKFQ==}
    engines: {node: '>=8'}

  ansi-regex@6.1.0:
    resolution: {integrity: sha512-7HSX4QQb4CspciLpVFwyRe79O3xsIZDDLER21kERQ71oaPodF8jL725AgJMFAYbooIqolJoRLuM81SpeUkpkvA==}
    engines: {node: '>=12'}

  ansi-styles@4.3.0:
    resolution: {integrity: sha512-zbB9rCJAT1rbjiVDb2hqKFHNYLxgtk8NURxZ3IZwD3F6NtxbXZQCnnSi1Lkx+IDohdPlFp222wVALIheZJQSEg==}
    engines: {node: '>=8'}

  ansi-styles@6.2.1:
    resolution: {integrity: sha512-bN798gFfQX+viw3R7yrGWRqnrN2oRkEkUjjl4JNn4E8GxxbjtG3FbrEIIY3l8/hrwUwIeCZvi4QuOTP4MErVug==}
    engines: {node: '>=12'}

  balanced-match@1.0.2:
    resolution: {integrity: sha512-3oSeUO0TMV67hN1AmbXsK4yaqU7tjiHlbxRDZOpH0KW9+CeX4bRAaX0Anxt0tx2MrpRpWwQaPwIlISEJhYU5Pw==}

  brace-expansion@2.0.1:
    resolution: {integrity: sha512-XnAIvQ8eM+kC6aULx6wuQiwVsnzsi9d3WxzV3FpWTGA19F621kwdbsAcFKXgKUHZWsy+mY6iL1sHTxWEFCytDA==}

  color-convert@2.0.1:
    resolution: {integrity: sha512-RRECPsj7iu/xb5oKYcsFHSppFNnsj/52OVTRKb4zP5onXwVF3zVmmToNcOfGC+CRDpfK/U584fMg38ZHCaElKQ==}
    engines: {node: '>=7.0.0'}

  color-name@1.1.4:
    resolution: {integrity: sha512-dOy+3AuW3a2wNbZHIuMZpTcgjGuLU/uBL/ubcZF9OXbDo8ff4O8yVp5Bf0efS8uEoYo5q4Fx7dY9OgQGXgAsQA==}

  cross-spawn@7.0.6:
    resolution: {integrity: sha512-uV2QOWP2nWzsy2aMp8aRibhi9dlzF5Hgh5SHaB9OiTGEyDTiJJyx0uy51QXdyWbtAHNua4XJzUKca3OzKUd3vA==}
    engines: {node: '>= 8'}

  debug@4.4.1:
    resolution: {integrity: sha512-KcKCqiftBJcZr++7ykoDIEwSa3XWowTfNPo92BYxjXiyYEVrUQh2aLyhxBCwww+heortUFxEJYcRzosstTEBYQ==}
    engines: {node: '>=6.0'}
    peerDependencies:
      supports-color: '*'
    peerDependenciesMeta:
      supports-color:
        optional: true

  detect-indent@7.0.1:
    resolution: {integrity: sha512-Mc7QhQ8s+cLrnUfU/Ji94vG/r8M26m8f++vyres4ZoojaRDpZ1eSIh/EpzLNwlWuvzSZ3UbDFspjFvTDXe6e/g==}
    engines: {node: '>=12.20'}

  detect-newline@4.0.1:
    resolution: {integrity: sha512-qE3Veg1YXzGHQhlA6jzebZN2qVf6NX+A7m7qlhCGG30dJixrAQhYOsJjsnBjJkCSmuOPpCk30145fr8FV0bzog==}
    engines: {node: ^12.20.0 || ^14.13.1 || >=16.0.0}

  eastasianwidth@0.2.0:
    resolution: {integrity: sha512-I88TYZWc9XiYHRQ4/3c5rjjfgkjhLyW2luGIheGERbNQ6OY7yTybanSpDXZa8y7VUP9YmDcYa+eyq4ca7iLqWA==}

  emoji-regex@8.0.0:
    resolution: {integrity: sha512-MSjYzcWNOA0ewAHpz0MxpYFvwg6yjy1NG3xteoqz644VCo/RPgnr1/GGt+ic3iJTzQ8Eu3TdM14SawnVUmGE6A==}

  emoji-regex@9.2.2:
    resolution: {integrity: sha512-L18DaJsXSUk2+42pv8mLs5jJT2hqFkFE4j21wOmgbUqsZ2hL72NsUU785g9RXgo3s0ZNgVl42TiHp3ZtOv/Vyg==}

  esbuild@0.25.5:
    resolution: {integrity: sha512-P8OtKZRv/5J5hhz0cUAdu/cLuPIKXpQl1R9pZtvmHWQvrAUVd0UNIPT4IB4W3rNOqVO0rlqHmCIbSwxh/c9yUQ==}
    engines: {node: '>=18'}
    hasBin: true

  fdir@6.4.5:
    resolution: {integrity: sha512-4BG7puHpVsIYxZUbiUE3RqGloLaSSwzYie5jvasC4LWuBWzZawynvYouhjbQKw2JuIGYdm0DzIxl8iVidKlUEw==}
    peerDependencies:
      picomatch: ^3 || ^4
    peerDependenciesMeta:
      picomatch:
        optional: true

  foreground-child@3.3.1:
    resolution: {integrity: sha512-gIXjKqtFuWEgzFRJA9WCQeSJLZDjgJUOMCMzxtvFq/37KojM1BFGufqsCy0r4qSQmYLsZYMeyRqzIWOMup03sw==}
    engines: {node: '>=14'}

  fsevents@2.3.3:
    resolution: {integrity: sha512-5xoDfX+fL7faATnagmWPpbFtwh/R77WmMMqqHGS65C3vvB0YHrgF+B1YmZ3441tMj5n63k0212XNoJwzlhffQw==}
    engines: {node: ^8.16.0 || ^10.6.0 || >=11.0.0}
    os: [darwin]

  git-hooks-list@4.1.1:
    resolution: {integrity: sha512-cmP497iLq54AZnv4YRAEMnEyQ1eIn4tGKbmswqwmFV4GBnAqE8NLtWxxdXa++AalfgL5EBH4IxTPyquEuGY/jA==}

  glob@11.0.2:
    resolution: {integrity: sha512-YT7U7Vye+t5fZ/QMkBFrTJ7ZQxInIUjwyAjVj84CYXqgBdv30MFUPGnBR6sQaVq6Is15wYJUsnzTuWaGRBhBAQ==}
    engines: {node: 20 || >=22}
    hasBin: true

  globrex@0.1.2:
    resolution: {integrity: sha512-uHJgbwAMwNFf5mLst7IWLNg14x1CkeqglJb/K3doi4dw6q2IvAAmM/Y81kevy83wP+Sst+nutFTYOGg3d1lsxg==}

  is-fullwidth-code-point@3.0.0:
    resolution: {integrity: sha512-zymm5+u+sCsSWyD9qNaejV3DFvhCKclKdizYaJUuHA83RLjb7nSuGnddCHGv0hk+KY7BMAlsWeK4Ueg6EV6XQg==}
    engines: {node: '>=8'}

  is-plain-obj@4.1.0:
    resolution: {integrity: sha512-+Pgi+vMuUNkJyExiMBt5IlFoMyKnr5zhJ4Uspz58WOhBF5QoIZkFyNHIbBAtHwzVAgk5RtndVNsDRN61/mmDqg==}
    engines: {node: '>=12'}

  isexe@2.0.0:
    resolution: {integrity: sha512-RHxMLp9lnKHGHRng9QFhRCMbYAcVpn69smSGcq3f36xjgVVWThj4qqLbTLlq7Ssj8B+fIQ1EuCEGI2lKsyQeIw==}

  jackspeak@4.1.1:
    resolution: {integrity: sha512-zptv57P3GpL+O0I7VdMJNBZCu+BPHVQUk55Ft8/QCJjTVxrnJHuVuX/0Bl2A6/+2oyR/ZMEuFKwmzqqZ/U5nPQ==}
    engines: {node: 20 || >=22}

  lru-cache@11.1.0:
    resolution: {integrity: sha512-QIXZUBJUx+2zHUdQujWejBkcD9+cs94tLn0+YL8UrCh+D5sCXZ4c7LaEH48pNwRY3MLDgqUFyhlCyjJPf1WP0A==}
    engines: {node: 20 || >=22}

  minimatch@10.0.1:
    resolution: {integrity: sha512-ethXTt3SGGR+95gudmqJ1eNhRO7eGEGIgYA9vnPatK4/etz2MEVDno5GMCibdMTuBMyElzIlgxMna3K94XDIDQ==}
    engines: {node: 20 || >=22}

  minipass@7.1.2:
    resolution: {integrity: sha512-qOOzS1cBTWYF4BH8fVePDBOO9iptMnGUEZwNc/cMWnTV2nVLZ7VoNWEPHkYczZA0pdoA7dl6e7FL659nX9S2aw==}
    engines: {node: '>=16 || 14 >=14.17'}

  ms@2.1.3:
    resolution: {integrity: sha512-6FlzubTLZG3J2a/NVCAleEhjzq5oxgHyaCU9yYXvcLsvoVaHJq/s5xXI6/XXP6tz7R9xAOtHnSO/tXtF3WRTlA==}

  nanoid@3.3.11:
    resolution: {integrity: sha512-N8SpfPUnUp1bK+PMYW8qSWdl9U+wwNWI4QKxOYDy9JAro3WMX7p2OeVRF9v+347pnakNevPmiHhNmZ2HbFA76w==}
    engines: {node: ^10 || ^12 || ^13.7 || ^14 || >=15.0.1}
    hasBin: true

  package-json-from-dist@1.0.1:
    resolution: {integrity: sha512-UEZIS3/by4OC8vL3P2dTXRETpebLI2NiI5vIrjaD/5UtrkFX/tNbwjTSRAGC/+7CAo2pIcBaRgWmcBBHcsaCIw==}

  path-key@3.1.1:
    resolution: {integrity: sha512-ojmeN0qd+y0jszEtoY48r0Peq5dwMEkIlCOu6Q5f41lfkswXuKtYrhgoTpLnyIcHm24Uhqx+5Tqm2InSwLhE6Q==}
    engines: {node: '>=8'}

  path-scurry@2.0.0:
    resolution: {integrity: sha512-ypGJsmGtdXUOeM5u93TyeIEfEhM6s+ljAhrk5vAvSx8uyY/02OvrZnA0YNGUrPXfpJMgI1ODd3nwz8Npx4O4cg==}
    engines: {node: 20 || >=22}

  picocolors@1.1.1:
    resolution: {integrity: sha512-xceH2snhtb5M9liqDsmEw56le376mTZkEX/jEb/RxNFyegNul7eNslCXP9FDj/Lcu0X8KEyMceP2ntpaHrDEVA==}

  picomatch@4.0.2:
    resolution: {integrity: sha512-M7BAV6Rlcy5u+m6oPhAPFgJTzAioX/6B0DxyvDlo9l8+T3nLKbrczg2WLUyzd45L8RqfUMyGPzekbMvX2Ldkwg==}
    engines: {node: '>=12'}

  postcss@8.5.4:
    resolution: {integrity: sha512-QSa9EBe+uwlGTFmHsPKokv3B/oEMQZxfqW0QqNCyhpa6mB1afzulwn8hihglqAb2pOw+BJgNlmXQ8la2VeHB7w==}
    engines: {node: ^10 || ^12 || >=14}

  prettier-plugin-packagejson@2.5.14:
    resolution: {integrity: sha512-h+3tSpr2nVpp+YOK1MDIYtYhHVXr8/0V59UUbJpIJFaqi3w4fvUokJo6eV8W+vELrUXIZzJ+DKm5G7lYzrMcKQ==}
    peerDependencies:
      prettier: '>= 1.16.0'
    peerDependenciesMeta:
      prettier:
        optional: true

  prettier@3.5.3:
    resolution: {integrity: sha512-QQtaxnoDJeAkDvDKWCLiwIXkTgRhwYDEQCghU9Z6q03iyek/rxRh/2lC3HB7P8sWT2xC/y5JDctPLBIGzHKbhw==}
    engines: {node: '>=14'}
    hasBin: true

  rimraf@6.0.1:
    resolution: {integrity: sha512-9dkvaxAsk/xNXSJzMgFqqMCuFgt2+KsOFek3TMLfo8NCPfWpBmqwyNn5Y+NX56QUYfCtsyhF3ayiboEoUmJk/A==}
    engines: {node: 20 || >=22}
    hasBin: true

  rollup@4.41.1:
    resolution: {integrity: sha512-cPmwD3FnFv8rKMBc1MxWCwVQFxwf1JEmSX3iQXrRVVG15zerAIXRjMFVWnd5Q5QvgKF7Aj+5ykXFhUl+QGnyOw==}
    engines: {node: '>=18.0.0', npm: '>=8.0.0'}
    hasBin: true

  semver@7.7.2:
    resolution: {integrity: sha512-RF0Fw+rO5AMf9MAyaRXI4AV0Ulj5lMHqVxxdSgiVbixSCXoEmmX/jk0CuJw4+3SqroYO9VoUh+HcuJivvtJemA==}
    engines: {node: '>=10'}
    hasBin: true

  shebang-command@2.0.0:
    resolution: {integrity: sha512-kHxr2zZpYtdmrN1qDjrrX/Z1rR1kG8Dx+gkpK1G4eXmvXswmcE1hTWBWYUzlraYw1/yZp6YuDY77YtvbN0dmDA==}
    engines: {node: '>=8'}

  shebang-regex@3.0.0:
    resolution: {integrity: sha512-7++dFhtcx3353uBaq8DDR4NuxBetBzC7ZQOhmTQInHEd6bSrXdiEyzCvG07Z44UYdLShWUyXt5M/yhz8ekcb1A==}
    engines: {node: '>=8'}

  signal-exit@4.1.0:
    resolution: {integrity: sha512-bzyZ1e88w9O1iNJbKnOlvYTrWPDl46O1bG0D3XInv+9tkPrxrN8jUUTiFlDkkmKWgn1M6CfIA13SuGqOa9Korw==}
    engines: {node: '>=14'}

  sort-object-keys@1.1.3:
    resolution: {integrity: sha512-855pvK+VkU7PaKYPc+Jjnmt4EzejQHyhhF33q31qG8x7maDzkeFhAAThdCYay11CISO+qAMwjOBP+fPZe0IPyg==}

  sort-package-json@3.2.1:
    resolution: {integrity: sha512-rTfRdb20vuoAn7LDlEtCqOkYfl2X+Qze6cLbNOzcDpbmKEhJI30tTN44d5shbKJnXsvz24QQhlCm81Bag7EOKg==}
    hasBin: true

  source-map-js@1.2.1:
    resolution: {integrity: sha512-UXWMKhLOwVKb728IUtQPXxfYU+usdybtUrK/8uGE8CQMvrhOpwvzDBwj0QhSL7MQc7vIsISBG8VQ8+IDQxpfQA==}
    engines: {node: '>=0.10.0'}

  string-width@4.2.3:
    resolution: {integrity: sha512-wKyQRQpjJ0sIp62ErSZdGsjMJWsap5oRNihHhu6G7JVO/9jIB6UyevL+tXuOqrng8j/cxKTWyWUwvSTriiZz/g==}
    engines: {node: '>=8'}

  string-width@5.1.2:
    resolution: {integrity: sha512-HnLOCR3vjcY8beoNLtcjZ5/nxn2afmME6lhrDrebokqMap+XbeW8n9TXpPDOqdGK5qcI3oT0GKTW6wC7EMiVqA==}
    engines: {node: '>=12'}

  strip-ansi@6.0.1:
    resolution: {integrity: sha512-Y38VPSHcqkFrCpFnQ9vuSXmquuv5oXOKpGeT6aGrr3o3Gc9AlVa6JBfUSOCnbxGGZF+/0ooI7KrPuUSztUdU5A==}
    engines: {node: '>=8'}

  strip-ansi@7.1.0:
    resolution: {integrity: sha512-iq6eVVI64nQQTRYq2KtEg2d2uU7LElhTJwsH4YzIHZshxlgZms/wIc4VoDQTlG/IvVIrBKG06CrZnp0qv7hkcQ==}
    engines: {node: '>=12'}

  synckit@0.11.6:
    resolution: {integrity: sha512-2pR2ubZSV64f/vqm9eLPz/KOvR9Dm+Co/5ChLgeHl0yEDRc6h5hXHoxEQH8Y5Ljycozd3p1k5TTSVdzYGkPvLw==}
    engines: {node: ^14.18.0 || >=16.0.0}

  tinyglobby@0.2.14:
    resolution: {integrity: sha512-tX5e7OM1HnYr2+a2C/4V0htOcSQcoSTH9KgJnVvNm5zm/cyEWKJ7j7YutsH9CxMdtOkkLFy2AHrMci9IM8IPZQ==}
    engines: {node: '>=12.0.0'}

  tsconfck@3.1.6:
    resolution: {integrity: sha512-ks6Vjr/jEw0P1gmOVwutM3B7fWxoWBL2KRDb1JfqGVawBmO5UsvmWOQFGHBPl5yxYz4eERr19E6L7NMv+Fej4w==}
    engines: {node: ^18 || >=20}
    hasBin: true
    peerDependencies:
      typescript: ^5.0.0
    peerDependenciesMeta:
      typescript:
        optional: true

  typescript@5.8.3:
    resolution: {integrity: sha512-p1diW6TqL9L07nNxvRMM7hMMw4c5XOo/1ibL4aAIGmSAt9slTE1Xgw5KWuof2uTOvCg9BY7ZRi+GaF+7sfgPeQ==}
    engines: {node: '>=14.17'}
    hasBin: true

  undici-types@6.21.0:
    resolution: {integrity: sha512-iwDZqg0QAGrg9Rav5H4n0M64c3mkR59cJ6wQp+7C4nI0gsmExaedaYLNO44eT4AtBBwjbTiGPMlt2Md0T9H9JQ==}

  vite-tsconfig-paths@5.1.4:
    resolution: {integrity: sha512-cYj0LRuLV2c2sMqhqhGpaO3LretdtMn/BVX4cPLanIZuwwrkVl+lK84E/miEXkCHWXuq65rhNN4rXsBcOB3S4w==}
    peerDependencies:
      vite: '*'
    peerDependenciesMeta:
      vite:
        optional: true

  vite@6.3.5:
    resolution: {integrity: sha512-cZn6NDFE7wdTpINgs++ZJ4N49W2vRp8LCKrn3Ob1kYNtOo21vfDoaV5GzBfLU4MovSAB8uNRm4jgzVQZ+mBzPQ==}
    engines: {node: ^18.0.0 || ^20.0.0 || >=22.0.0}
    hasBin: true
    peerDependencies:
      '@types/node': ^18.0.0 || ^20.0.0 || >=22.0.0
      jiti: '>=1.21.0'
      less: '*'
      lightningcss: ^1.21.0
      sass: '*'
      sass-embedded: '*'
      stylus: '*'
      sugarss: '*'
      terser: ^5.16.0
      tsx: ^4.8.1
      yaml: ^2.4.2
    peerDependenciesMeta:
      '@types/node':
        optional: true
      jiti:
        optional: true
      less:
        optional: true
      lightningcss:
        optional: true
      sass:
        optional: true
      sass-embedded:
        optional: true
      stylus:
        optional: true
      sugarss:
        optional: true
      terser:
        optional: true
      tsx:
        optional: true
      yaml:
        optional: true

  which@2.0.2:
    resolution: {integrity: sha512-BLI3Tl1TW3Pvl70l3yq3Y64i+awpwXqsGBYWkkqMtnbXgrMD+yj7rhW0kuEDxzJaYXGjEW5ogapKNMEKNMjibA==}
    engines: {node: '>= 8'}
    hasBin: true

  wrap-ansi@7.0.0:
    resolution: {integrity: sha512-YVGIj2kamLSTxw6NsZjoBxfSwsn0ycdesmc4p+Q21c5zPuZ1pl+NfxVdxPtdHvmNVOQ6XSYG4AUtyt/Fi7D16Q==}
    engines: {node: '>=10'}

  wrap-ansi@8.1.0:
    resolution: {integrity: sha512-si7QWI6zUMq56bESFvagtmzMdGOtoxfR+Sez11Mobfc7tm+VkUckk9bW2UeffTGVUbOksxmSw0AA2gs8g71NCQ==}
    engines: {node: '>=12'}

snapshots:

  '@esbuild/aix-ppc64@0.25.5':
    optional: true

  '@esbuild/android-arm64@0.25.5':
    optional: true

  '@esbuild/android-arm@0.25.5':
    optional: true

  '@esbuild/android-x64@0.25.5':
    optional: true

  '@esbuild/darwin-arm64@0.25.5':
    optional: true

  '@esbuild/darwin-x64@0.25.5':
    optional: true

  '@esbuild/freebsd-arm64@0.25.5':
    optional: true

  '@esbuild/freebsd-x64@0.25.5':
    optional: true

  '@esbuild/linux-arm64@0.25.5':
    optional: true

  '@esbuild/linux-arm@0.25.5':
    optional: true

  '@esbuild/linux-ia32@0.25.5':
    optional: true

  '@esbuild/linux-loong64@0.25.5':
    optional: true

  '@esbuild/linux-mips64el@0.25.5':
    optional: true

  '@esbuild/linux-ppc64@0.25.5':
    optional: true

  '@esbuild/linux-riscv64@0.25.5':
    optional: true

  '@esbuild/linux-s390x@0.25.5':
    optional: true

  '@esbuild/linux-x64@0.25.5':
    optional: true

  '@esbuild/netbsd-arm64@0.25.5':
    optional: true

  '@esbuild/netbsd-x64@0.25.5':
    optional: true

  '@esbuild/openbsd-arm64@0.25.5':
    optional: true

  '@esbuild/openbsd-x64@0.25.5':
    optional: true

  '@esbuild/sunos-x64@0.25.5':
    optional: true

  '@esbuild/win32-arm64@0.25.5':
    optional: true

  '@esbuild/win32-ia32@0.25.5':
    optional: true

  '@esbuild/win32-x64@0.25.5':
    optional: true

  '@isaacs/cliui@8.0.2':
    dependencies:
      string-width: 5.1.2
      string-width-cjs: string-width@4.2.3
      strip-ansi: 7.1.0
      strip-ansi-cjs: strip-ansi@6.0.1
      wrap-ansi: 8.1.0
      wrap-ansi-cjs: wrap-ansi@7.0.0

  '@pkgr/core@0.2.4': {}

  '@rollup/rollup-android-arm-eabi@4.41.1':
    optional: true

  '@rollup/rollup-android-arm64@4.41.1':
    optional: true

  '@rollup/rollup-darwin-arm64@4.41.1':
    optional: true

  '@rollup/rollup-darwin-x64@4.41.1':
    optional: true

  '@rollup/rollup-freebsd-arm64@4.41.1':
    optional: true

  '@rollup/rollup-freebsd-x64@4.41.1':
    optional: true

  '@rollup/rollup-linux-arm-gnueabihf@4.41.1':
    optional: true

  '@rollup/rollup-linux-arm-musleabihf@4.41.1':
    optional: true

  '@rollup/rollup-linux-arm64-gnu@4.41.1':
    optional: true

  '@rollup/rollup-linux-arm64-musl@4.41.1':
    optional: true

  '@rollup/rollup-linux-loongarch64-gnu@4.41.1':
    optional: true

  '@rollup/rollup-linux-powerpc64le-gnu@4.41.1':
    optional: true

  '@rollup/rollup-linux-riscv64-gnu@4.41.1':
    optional: true

  '@rollup/rollup-linux-riscv64-musl@4.41.1':
    optional: true

  '@rollup/rollup-linux-s390x-gnu@4.41.1':
    optional: true

  '@rollup/rollup-linux-x64-gnu@4.41.1':
    optional: true

  '@rollup/rollup-linux-x64-musl@4.41.1':
    optional: true

  '@rollup/rollup-win32-arm64-msvc@4.41.1':
    optional: true

  '@rollup/rollup-win32-ia32-msvc@4.41.1':
    optional: true

  '@rollup/rollup-win32-x64-msvc@4.41.1':
    optional: true

  '@total-typescript/ts-reset@0.6.1': {}

  '@types/estree@1.0.7': {}

  '@types/node@22.15.24':
    dependencies:
      undici-types: 6.21.0

  ansi-regex@5.0.1: {}

  ansi-regex@6.1.0: {}

  ansi-styles@4.3.0:
    dependencies:
      color-convert: 2.0.1

  ansi-styles@6.2.1: {}

  balanced-match@1.0.2: {}

  brace-expansion@2.0.1:
    dependencies:
      balanced-match: 1.0.2

  color-convert@2.0.1:
    dependencies:
      color-name: 1.1.4

  color-name@1.1.4: {}

  cross-spawn@7.0.6:
    dependencies:
      path-key: 3.1.1
      shebang-command: 2.0.0
      which: 2.0.2

  debug@4.4.1:
    dependencies:
      ms: 2.1.3

  detect-indent@7.0.1: {}

  detect-newline@4.0.1: {}

  eastasianwidth@0.2.0: {}

  emoji-regex@8.0.0: {}

  emoji-regex@9.2.2: {}

  esbuild@0.25.5:
    optionalDependencies:
      '@esbuild/aix-ppc64': 0.25.5
      '@esbuild/android-arm': 0.25.5
      '@esbuild/android-arm64': 0.25.5
      '@esbuild/android-x64': 0.25.5
      '@esbuild/darwin-arm64': 0.25.5
      '@esbuild/darwin-x64': 0.25.5
      '@esbuild/freebsd-arm64': 0.25.5
      '@esbuild/freebsd-x64': 0.25.5
      '@esbuild/linux-arm': 0.25.5
      '@esbuild/linux-arm64': 0.25.5
      '@esbuild/linux-ia32': 0.25.5
      '@esbuild/linux-loong64': 0.25.5
      '@esbuild/linux-mips64el': 0.25.5
      '@esbuild/linux-ppc64': 0.25.5
      '@esbuild/linux-riscv64': 0.25.5
      '@esbuild/linux-s390x': 0.25.5
      '@esbuild/linux-x64': 0.25.5
      '@esbuild/netbsd-arm64': 0.25.5
      '@esbuild/netbsd-x64': 0.25.5
      '@esbuild/openbsd-arm64': 0.25.5
      '@esbuild/openbsd-x64': 0.25.5
      '@esbuild/sunos-x64': 0.25.5
      '@esbuild/win32-arm64': 0.25.5
      '@esbuild/win32-ia32': 0.25.5
      '@esbuild/win32-x64': 0.25.5

  fdir@6.4.5(picomatch@4.0.2):
    optionalDependencies:
      picomatch: 4.0.2

  foreground-child@3.3.1:
    dependencies:
      cross-spawn: 7.0.6
      signal-exit: 4.1.0

  fsevents@2.3.3:
    optional: true

  git-hooks-list@4.1.1: {}

  glob@11.0.2:
    dependencies:
      foreground-child: 3.3.1
      jackspeak: 4.1.1
      minimatch: 10.0.1
      minipass: 7.1.2
      package-json-from-dist: 1.0.1
      path-scurry: 2.0.0

  globrex@0.1.2: {}

  is-fullwidth-code-point@3.0.0: {}

  is-plain-obj@4.1.0: {}

  isexe@2.0.0: {}

  jackspeak@4.1.1:
    dependencies:
      '@isaacs/cliui': 8.0.2

  lru-cache@11.1.0: {}

  minimatch@10.0.1:
    dependencies:
      brace-expansion: 2.0.1

  minipass@7.1.2: {}

  ms@2.1.3: {}

  nanoid@3.3.11: {}

  package-json-from-dist@1.0.1: {}

  path-key@3.1.1: {}

  path-scurry@2.0.0:
    dependencies:
      lru-cache: 11.1.0
      minipass: 7.1.2

  picocolors@1.1.1: {}

  picomatch@4.0.2: {}

  postcss@8.5.4:
    dependencies:
      nanoid: 3.3.11
      picocolors: 1.1.1
      source-map-js: 1.2.1

  prettier-plugin-packagejson@2.5.14(prettier@3.5.3):
    dependencies:
      sort-package-json: 3.2.1
      synckit: 0.11.6
    optionalDependencies:
      prettier: 3.5.3

  prettier@3.5.3: {}

  rimraf@6.0.1:
    dependencies:
      glob: 11.0.2
      package-json-from-dist: 1.0.1

  rollup@4.41.1:
    dependencies:
      '@types/estree': 1.0.7
    optionalDependencies:
      '@rollup/rollup-android-arm-eabi': 4.41.1
      '@rollup/rollup-android-arm64': 4.41.1
      '@rollup/rollup-darwin-arm64': 4.41.1
      '@rollup/rollup-darwin-x64': 4.41.1
      '@rollup/rollup-freebsd-arm64': 4.41.1
      '@rollup/rollup-freebsd-x64': 4.41.1
      '@rollup/rollup-linux-arm-gnueabihf': 4.41.1
      '@rollup/rollup-linux-arm-musleabihf': 4.41.1
      '@rollup/rollup-linux-arm64-gnu': 4.41.1
      '@rollup/rollup-linux-arm64-musl': 4.41.1
      '@rollup/rollup-linux-loongarch64-gnu': 4.41.1
      '@rollup/rollup-linux-powerpc64le-gnu': 4.41.1
      '@rollup/rollup-linux-riscv64-gnu': 4.41.1
      '@rollup/rollup-linux-riscv64-musl': 4.41.1
      '@rollup/rollup-linux-s390x-gnu': 4.41.1
      '@rollup/rollup-linux-x64-gnu': 4.41.1
      '@rollup/rollup-linux-x64-musl': 4.41.1
      '@rollup/rollup-win32-arm64-msvc': 4.41.1
      '@rollup/rollup-win32-ia32-msvc': 4.41.1
      '@rollup/rollup-win32-x64-msvc': 4.41.1
      fsevents: 2.3.3

  semver@7.7.2: {}

  shebang-command@2.0.0:
    dependencies:
      shebang-regex: 3.0.0

  shebang-regex@3.0.0: {}

  signal-exit@4.1.0: {}

  sort-object-keys@1.1.3: {}

  sort-package-json@3.2.1:
    dependencies:
      detect-indent: 7.0.1
      detect-newline: 4.0.1
      git-hooks-list: 4.1.1
      is-plain-obj: 4.1.0
      semver: 7.7.2
      sort-object-keys: 1.1.3
      tinyglobby: 0.2.14

  source-map-js@1.2.1: {}

  string-width@4.2.3:
    dependencies:
      emoji-regex: 8.0.0
      is-fullwidth-code-point: 3.0.0
      strip-ansi: 6.0.1

  string-width@5.1.2:
    dependencies:
      eastasianwidth: 0.2.0
      emoji-regex: 9.2.2
      strip-ansi: 7.1.0

  strip-ansi@6.0.1:
    dependencies:
      ansi-regex: 5.0.1

  strip-ansi@7.1.0:
    dependencies:
      ansi-regex: 6.1.0

  synckit@0.11.6:
    dependencies:
      '@pkgr/core': 0.2.4

  tinyglobby@0.2.14:
    dependencies:
      fdir: 6.4.5(picomatch@4.0.2)
      picomatch: 4.0.2

  tsconfck@3.1.6(typescript@5.8.3):
    optionalDependencies:
      typescript: 5.8.3

  typescript@5.8.3: {}

  undici-types@6.21.0: {}

  vite-tsconfig-paths@5.1.4(typescript@5.8.3)(vite@6.3.5(@types/node@22.15.24)):
    dependencies:
      debug: 4.4.1
      globrex: 0.1.2
      tsconfck: 3.1.6(typescript@5.8.3)
    optionalDependencies:
      vite: 6.3.5(@types/node@22.15.24)
    transitivePeerDependencies:
      - supports-color
      - typescript

  vite@6.3.5(@types/node@22.15.24):
    dependencies:
      esbuild: 0.25.5
      fdir: 6.4.5(picomatch@4.0.2)
      picomatch: 4.0.2
      postcss: 8.5.4
      rollup: 4.41.1
      tinyglobby: 0.2.14
    optionalDependencies:
      '@types/node': 22.15.24
      fsevents: 2.3.3

  which@2.0.2:
    dependencies:
      isexe: 2.0.0

  wrap-ansi@7.0.0:
    dependencies:
      ansi-styles: 4.3.0
      string-width: 4.2.3
      strip-ansi: 6.0.1

  wrap-ansi@8.1.0:
    dependencies:
      ansi-styles: 6.2.1
      string-width: 5.1.2
      strip-ansi: 7.1.0
